
Microsoft Visual Studio Solution File, Format Version 12.00
# Visual Studio Version 17
VisualStudioVersion = 17.14.36408.4 d17.14
MinimumVisualStudioVersion = 10.0.40219.1
Project("{FAE04EC0-301F-11D3-BF4B-00C04F79EFBC}") = "PKPZlab5", "PKPZlab5.csproj", "{EAB8E33D-9ACF-4FC4-B61F-AD501FB25BE1}"
EndProject
Global
	GlobalSection(SolutionConfigurationPlatforms) = preSolution
		Debug|Any CPU = Debug|Any CPU
		Release|Any CPU = Release|Any CPU
	EndGlobalSection
	GlobalSection(ProjectConfigurationPlatforms) = postSolution
		{EAB8E33D-9ACF-4FC4-B61F-AD501FB25BE1}.Debug|Any CPU.ActiveCfg = Debug|Any CPU
		{EAB8E33D-9ACF-4FC4-B61F-AD501FB25BE1}.Debug|Any CPU.Build.0 = Debug|Any CPU
		{EAB8E33D-9ACF-4FC4-B61F-AD501FB25BE1}.Release|Any CPU.ActiveCfg = Release|Any CPU
		{EAB8E33D-9ACF-4FC4-B61F-AD501FB25BE1}.Release|Any CPU.Build.0 = Release|Any CPU
	EndGlobalSection
	GlobalSection(SolutionProperties) = preSolution
		HideSolutionNode = FALSE
	EndGlobalSection
	GlobalSection(ExtensibilityGlobals) = postSolution
		SolutionGuid = {10428180-9B1F-4950-9F1B-0450BE00B1A9}
	EndGlobalSection
EndGlobal
